lockfileVersion: '9.0'

settings:
  autoInstallPeers: true
  excludeLinksFromLockfile: false

importers:

  .:
    dependencies:
      '@supabase/supabase-js':
        specifier: 2.57.4
        version: 2.57.4
      imapflow:
        specifier: 1.7.6
        version: 1.7.6
      mailparser:
        specifier: 3.9.16
        version: 3.9.16

packages:

  '@pinojs/redact@0.4.0':
    resolution: {integrity: sha512-k2ENnmBugE/rzQfEcdWHcCY+/FM3VLzH9cYEsbdsoqrvzAKRhUZeRNhAZvB8OitQJ1TBed3yqWtdjzS6wJKBwg==}

  '@selderee/plugin-htmlparser2@0.12.0':
    resolution: {integrity: sha512-oELmoyA6ML9jDRMV3kgcMQFKxUfBU0yFVn6yTctVaLT5ygXnxH52I3TZEgV9EhXJC68/uFvE5Daj1/25c0Xa/A==}
    peerDependencies:
      selderee: ~0.12.0

  '@supabase/auth-js@2.71.1':
    resolution: {integrity: sha512-mMIQHBRc+SKpZFRB2qtupuzulaUhFYupNyxqDj5Jp/LyPvcWvjaJzZzObv6URtL/O6lPxkanASnotGtNpS3H2Q==}

  '@supabase/functions-js@2.4.6':
    resolution: {integrity: sha512-bhjZ7rmxAibjgmzTmQBxJU6ZIBCCJTc3Uwgvdi4FewueUTAGO5hxZT1Sj6tiD+0dSXf9XI87BDdJrg12z8Uaew==}

  '@supabase/node-fetch@2.6.15':
    resolution: {integrity: sha512-1ibVeYUacxWYi9i0cf5efil6adJ9WRyZBLivgjs+AUpewx1F3xPi7gLgaASI2SmIQxPoCEjAsLAzKPgMJVgOUQ==}
    engines: {node: 4.x || >=6.0.0}

  '@supabase/postgrest-js@1.21.4':
    resolution: {integrity: sha512-TxZCIjxk6/dP9abAi89VQbWWMBbybpGWyvmIzTd79OeravM13OjR/YEYeyUOPcM1C3QyvXkvPZhUfItvmhY1IQ==}

  '@supabase/realtime-js@2.15.5':
    resolution: {integrity: sha512-/Rs5Vqu9jejRD8ZeuaWXebdkH+J7V6VySbCZ/zQM93Ta5y3mAmocjioa/nzlB6qvFmyylUgKVS1KpE212t30OA==}

  '@supabase/storage-js@2.12.1':
    resolution: {integrity: sha512-QWg3HV6Db2J81VQx0PqLq0JDBn4Q8B1FYn1kYcbla8+d5WDmTdwwMr+EJAxNOSs9W4mhKMv+EYCpCrTFlTj4VQ==}

  '@supabase/supabase-js@2.57.4':
    resolution: {integrity: sha512-LcbTzFhHYdwfQ7TRPfol0z04rLEyHabpGYANME6wkQ/kLtKNmI+Vy+WEM8HxeOZAtByUFxoUTTLwhXmrh+CcVw==}

  '@types/node@26.3.0':
    resolution: {integrity: sha512-L3fgrnchriRC2ExBflb8j4uZZURHZfQsmQeyVzhjcHW4kkwVyo8/0h1B2MVzMTrYUJYu6G7EWs14hW/L9putqw==}

  '@types/phoenix@1.6.7':
    resolution: {integrity: sha512-oN9ive//QSBkf19rfDv45M7eZPi0eEXylht2OLEXicu5b4KoQ1OzXIw+xDSGWxSxe1JmepRR/ZH283vsu518/Q==}

  '@types/ws@8.18.1':
    resolution: {integrity: sha512-ThVF6DCVhA8kUGy+aazFQ4kXQ7E1Ty7A3ypFOe0IcJV8O/M511G99AW24irKrW56Wt44yG9+ij8FaqoBGkuBXg==}

  '@zone-eu/mailsplit@5.4.15':
    resolution: {integrity: sha512-c7ZpxauvF4AEkDJlKDYO7iMUtMuqJMBnDWNff1cyx+d7zaBVR3iFEmXhNHOVoMmVyVF3pTZLsLIJsEFKDldOAA==}

  atomic-sleep@1.0.0:
    resolution: {integrity: sha512-kNOjDqAh7px0XWNI+4QbzoiR/nTkHAWNud2uvnJquD1/x5a7EQZMJT0AczqK0Qn67oY/TTQ1LbUKajZpp3I9tQ==}
    engines: {node: '>=8.0.0'}

  deepmerge-ts@8.0.2:
    resolution: {integrity: sha512-uqbvqLUMrc6p0MO+WBRtTxY55hmyh94WRwI5a++PZe54X+bfVh59FSN7uWCBCW1CCVjzjnrwzfI8zidE2obMMw==}
    engines: {node: '>=16.9.0'}

  dom-serializer@2.0.0:
    resolution: {integrity: sha512-wIkAryiqt/nV5EQKqQpo3SToSOV9J0DnbJqwK7Wv/Trc92zIAYZ4FlMu+JPFW1DfGFt81ZTCGgDEabffXeLyJg==}

  domelementtype@2.3.0:
    resolution: {integrity: sha512-OLETBj6w0OsagBwdXnPdN0cnMfF9opN69co+7ZrbfPGrdpPVNBUj02spi6B1N7wChLQiPn4CSH/zJvXw56gmHw==}

  domhandler@5.0.3:
    resolution: {integrity: sha512-cgwlv/1iFQiFnU96XXgROh8xTeetsnJiDsTc7TYCLFd9+/WNkIqPTxiM/8pSd8VIrhXGTf1Ny1q1hquVqDJB5w==}
    engines: {node: '>= 4'}

  domutils@3.2.2:
    resolution: {integrity: sha512-6kZKyUajlDuqlHKVX1w7gyslj9MPIXzIFiz/rGu35uC1wMi+kMhQwGhl4lt9unC9Vb9INnY9Z3/ZA3+FhASLaw==}

  encoding-japanese@2.2.0:
    resolution: {integrity: sha512-EuJWwlHPZ1LbADuKTClvHtwbaFn4rOD+dRAbWysqEOXRc2Uui0hJInNJrsdH0c+OhJA4nrCBdSkW4DD5YxAo6A==}
    engines: {node: '>=8.10.0'}

  entities@4.5.0:
    resolution: {integrity: sha512-V0hjH4dGPh9Ao5p0MoRY6BVqtwCjhz6vI5LT8AJ55H+4g9/4vbHx1I54fS0XuclLhDHArPQCiMjDxjaL8fPxhw==}
    engines: {node: '>=0.12'}

  entities@7.0.1:
    resolution: {integrity: sha512-TWrgLOFUQTH994YUyl1yT4uyavY5nNB5muff+RtWaqNVCAK408b5ZnnbNAUEWLTCpum9w6arT70i1XdQ4UeOPA==}
    engines: {node: '>=0.12'}

  he@1.2.0:
    resolution: {integrity: sha512-F/1DnUGPopORZi0ni+CvrCgHQ5FyEAHRLSApuYWMmrbSwoN2Mn/7k+Gl38gJnR7yyDZk6WLXwiGod1JOWNDKGw==}
    hasBin: true

  html-to-text@10.0.1:
    resolution: {integrity: sha512-GiVhRI1BatGARSCmlXWNCjDT0cWrwBWoeduLoV0WSKAgaV/wa+hUWy5LiQLUs4UwiUrE52ZCMfBGiKD87TDPrg==}
    engines: {node: '>=20.19.0'}

  htmlparser2@10.1.0:
    resolution: {integrity: sha512-VTZkM9GWRAtEpveh7MSF6SjjrpNVNNVJfFup7xTY3UpFtm67foy9HDVXneLtFVt4pMz5kZtgNcvCniNFb1hlEQ==}

  iconv-lite@0.7.3:
    resolution: {integrity: sha512-IKXpvIzjnC9XTAUbVBcMfGS0EPaIXtW6v+zr+RRp+hqULEpo0owZax6wyRwPOJbWbzjYspQwusTsfVr0ifh4uQ==}
    engines: {node: '>=0.10.0'}

  imapflow@1.7.6:
    resolution: {integrity: sha512-xah3HpJKHzNbO780jy+v/Gjmly9WBgPH2dl5/nNs+Q5ofjpn4bUTz0PR2kcrHGlBRsjGFOC7NTYkStakGN8Fyg==}

  ip-address@10.5.0:
    resolution: {integrity: sha512-R5SnVLJmgYYvf2F2ZgwSBnelz5G4q5AxIC277GDfUaNbrZKNANcBC7RHqYYePlszf4kBolVkJauG0ZjHHFh55g==}
    engines: {node: '>= 12'}

  leac@0.7.0:
    resolution: {integrity: sha512-qMrZeyEekgdRQ9o6a4NAB2EQZrv827GJdn1vnapwSJ90hWRB4TzUSunvacPkxQ2TnNqHNI1/zSt0hlo0crG8Jw==}

  libbase64@1.3.0:
    resolution: {integrity: sha512-GgOXd0Eo6phYgh0DJtjQ2tO8dc0IVINtZJeARPeiIJqge+HdsWSuaDTe8ztQ7j/cONByDZ3zeB325AHiv5O0dg==}

  libmime@5.4.2:
    resolution: {integrity: sha512-+IQnCOdPiufGBkOii+Ze8F7iniyBzOwvWDbn1DyExBpc9pT2B3IEMQi7GUc/PpqhNUh/sr1SG9UXDITQoR0VIA==}

  libqp@2.1.1:
    resolution: {integrity: sha512-0Wd+GPz1O134cP62YU2GTOPNA7Qgl09XwCqM5zpBv87ERCXdfDtyKXvV7c9U22yWJh44QZqBocFnXN11K96qow==}

  linkify-it@5.0.2:
    resolution: {integrity: sha512-ONTm2jCMAVZjgQa/Fy1kScXsuOoF5NPTsoFBdE1KVIZ2vAh/r9+Bqo+0jINCBYnavTPQZz38QzFTme79ENoN3Q==}

  mailparser@3.9.16:
    resolution: {integrity: sha512-TvbU4YMEDLPkDIft/oUTjjV5PvoR/mj9gw+zzNP6SHJHxBd9FsRWP+rDt80a1wOJ4dKyNesRrYATZ+n0RKyDtw==}

  nodemailer@9.0.5:
    resolution: {integrity: sha512-wvjiKvjczmsN7U/8006JOdXubgBk2XFAbioDMbT+sM7cPs0QrhJTa6KBRX7P5REGGkDcLUz/EarWidb8G8C1jQ==}
    engines: {node: '>=6.0.0'}

  on-exit-leak-free@2.1.2:
    resolution: {integrity: sha512-0eJJY6hXLGf1udHwfNftBqH+g73EU4B504nZeKpz1sYRKafAghwxEJunB2O7rDZkL4PGfsMVnTXZ2EjibbqcsA==}
    engines: {node: '>=14.0.0'}

  parseley@0.13.1:
    resolution: {integrity: sha512-uNBJZzmb60l6p6VWLTmevizNAGnE0xoSf1n0B4q3ntegDNzcS68NRCcBDZTcyXHxt2XhBChsCuqj4M+nChvE/A==}

  peberminta@0.10.0:
    resolution: {integrity: sha512-80B2AsU+I4Qdb0ZAPSfe9UwvGzwkM37IKIFEvdS3D/3Ndgv2bsuJ0bfG1+iEYO+l7Gfd4EUJmuRyq7efLgRMzQ==}

  pino-abstract-transport@3.0.0:
    resolution: {integrity: sha512-wlfUczU+n7Hy/Ha5j9a/gZNy7We5+cXp8YL+X+PG8S0KXxw7n/JXA3c46Y0zQznIJ83URJiwy7Lh56WLokNuxg==}

  pino-std-serializers@7.1.0:
    resolution: {integrity: sha512-BndPH67/JxGExRgiX1dX0w1FvZck5Wa4aal9198SrRhZjH3GxKQUKIBnYJTdj2HDN3UQAS06HlfcSbQj2OHmaw==}

  pino@10.3.1:
    resolution: {integrity: sha512-r34yH/GlQpKZbU1BvFFqOjhISRo1MNx1tWYsYvmj6KIRHSPMT2+yHOEb1SG6NMvRoHRF0a07kCOox/9yakl1vg==}
    hasBin: true

  process-warning@5.1.0:
    resolution: {integrity: sha512-jQSaVHsPgtyw60e1rQ/A+/ArPEj/S8pS/vFnyGa/gYFXrKk/6RuDkoqVDQ5NI5MmS01698ltlAk0NoDBNLujRw==}

  punycode.js@2.3.1:
    resolution: {integrity: sha512-uxFIHU0YlHYhDQtV4R9J6a52SLx28BCjT+4ieh7IGbgwVJWO+km431c4yRlREUAsAmt/uMjQUyQHNEPf0M39CA==}
    engines: {node: '>=6'}

  quick-format-unescaped@4.0.4:
    resolution: {integrity: sha512-tYC1Q1hgyRuHgloV/YXs2w15unPVh8qfu/qCTfhTYamaw7fyhumKa2yGpdSo87vY32rIclj+4fWYQXUMs9EHvg==}

  real-require@0.2.0:
    resolution: {integrity: sha512-57frrGM/OCTLqLOAh0mhVA9VBMHd+9U7Zb2THMGdBUoZVOtGbJzjxsYGDJ3A9AYYCP4hn6y1TVbaOfzWtm5GFg==}
    engines: {node: '>= 12.13.0'}

  real-require@1.0.0:
    resolution: {integrity: sha512-P4nbQYQfePJxRSmY+v/KINxVucm4NF3p3s7pJveMTtom52FR4YGltUQLB8idDXwDDWW+eYrWDFbuzUnjoWHF7g==}

  safe-stable-stringify@2.5.0:
    resolution: {integrity: sha512-b3rppTKm9T+PsVCBEOUR46GWI7fdOs00VKZ1+9c1EWDaDMvjQc6tUwuFyIprgGgTcWoVHSKrU8H31ZHA2e0RHA==}
    engines: {node: '>=10'}

  safer-buffer@2.1.2:
    resolution: {integrity: sha512-YZo3K82SD7Riyi0E1EQPojLz7kpepnSQI9IyPbHHg1XXXevb5dJI7tpyN2ADxGcQbHG7vcyRHk0cbwqcQriUtg==}

  selderee@0.12.0:
    resolution: {integrity: sha512-b1YMh3+DHZp59DLna3qVwQ5iOla/nrI6mLBNW02XxU77M3046Df6VLkoaJyFz20VsGIG5kkp+FK0kg4K4HnUFw==}

  smart-buffer@4.2.0:
    resolution: {integrity: sha512-94hK0Hh8rPqQl2xXc3HsaBoOXKV20MToPkcXvwbISWLEs+64sBq5kFgn2kJDHb1Pry9yrP0dxrCI9RRci7RXKg==}
    engines: {node: '>= 6.0.0', npm: '>= 3.0.0'}

  socks@2.8.9:
    resolution: {integrity: sha512-LJhUYUvItdQ0LkJTmPeaEObWXAqFyfmP85x0tch/ez9cahmhlBBLbIqDFnvBnUJGagb0JbIQrkBs1wJ+yRYpEw==}
    engines: {node: '>= 10.0.0', npm: '>= 3.0.0'}

  sonic-boom@4.2.1:
    resolution: {integrity: sha512-w6AxtubXa2wTXAUsZMMWERrsIRAdrK0Sc+FUytWvYAhBJLyuI4llrMIC1DtlNSdI99EI86KZum2MMq3EAZlF9Q==}

  split2@4.2.0:
    resolution: {integrity: sha512-UcjcJOWknrNkF6PLX83qcHM6KHgVKNkV62Y8a5uYDVv9ydGQVwAHMKqHdJje1VTWpljG0WYpCDhrCdAOYH4TWg==}
    engines: {node: '>= 10.x'}

  thread-stream@4.2.0:
    resolution: {integrity: sha512-e2zZ96wSChazBsbENf/Pcm/4swHt2cEKQ92rhUjkL9GCKiTDJIaTBenjE/m9DXi0QBmTMDkFDdOomUy20A1tDQ==}
    engines: {node: '>=20'}

  tlds@1.261.0:
    resolution: {integrity: sha512-QXqwfEl9ddlGBaRFXIvNKK6OhipSiLXuRuLJX5DErz0o0Q0rYxulWLdFryTkV5PkdZct5iMInwYEGe/eR++1AA==}
    hasBin: true

  tr46@0.0.3:
    resolution: {integrity: sha512-N3WMsuqV66lT30CrXNbEjx4GEwlow3v6rr4mCcv6prnfwhS01rkgyFdjPNBYd9br7LpXV1+Emh01fHnq2Gdgrw==}

  uc.micro@2.1.0:
    resolution: {integrity: sha512-ARDJmphmdvUk6Glw7y9DQ2bFkKBHwQHLi2lsaH6PPmz/Ka9sFOBsBluozhDltWmnv9u/cF6Rt87znRTPV+yp/A==}

  undici-types@8.3.0:
    resolution: {integrity: sha512-j375ScV60dom+YkPFIfTLcOiPxkN/buHz5GobjLhixFuANaNs3C9l4GmrWqejgXWJ7BbJcFYpTEUkS1Ge8bpZQ==}

  webidl-conversions@3.0.1:
    resolution: {integrity: sha512-2JAn3z8AR6rjK8Sm8orRC0h/bcl/DqL7tRPdGZ4I1CjdF+EaMLmYxBHyXuKL849eucPFhvBoxMsflfOb8kxaeQ==}

  whatwg-url@5.0.0:
    resolution: {integrity: sha512-saE57nupxk6v3HY35+jzBwYa0rKSy0XR8JSxZPwgLr7ys0IBzhGviA1/TUGJLmSVqs8pb9AnvICXEuOHLprYTw==}

  ws@8.21.3:
    resolution: {integrity: sha512-201TZ/kPWxoPr/OKWjquZR1SWKXcvxdH+e1xrx89b3YbmzLMFCLfnaG1HFIgWzJOEWZ7MvpK++odZufgYR50Rw==}
    engines: {node: '>=10.0.0'}
    peerDependencies:
      bufferutil: ^4.0.1
      utf-8-validate: '>=5.0.2'
    peerDependenciesMeta:
      bufferutil:
        optional: true
      utf-8-validate:
        optional: true

snapshots:

  '@pinojs/redact@0.4.0': {}

  '@selderee/plugin-htmlparser2@0.12.0(selderee@0.12.0)':
    dependencies:
      domelementtype: 2.3.0
      domhandler: 5.0.3
      selderee: 0.12.0

  '@supabase/auth-js@2.71.1':
    dependencies:
      '@supabase/node-fetch': 2.6.15

  '@supabase/functions-js@2.4.6':
    dependencies:
      '@supabase/node-fetch': 2.6.15

  '@supabase/node-fetch@2.6.15':
    dependencies:
      whatwg-url: 5.0.0

  '@supabase/postgrest-js@1.21.4':
    dependencies:
      '@supabase/node-fetch': 2.6.15

  '@supabase/realtime-js@2.15.5':
    dependencies:
      '@supabase/node-fetch': 2.6.15
      '@types/phoenix': 1.6.7
      '@types/ws': 8.18.1
      ws: 8.21.3
    transitivePeerDependencies:
      - bufferutil
      - utf-8-validate

  '@supabase/storage-js@2.12.1':
    dependencies:
      '@supabase/node-fetch': 2.6.15

  '@supabase/supabase-js@2.57.4':
    dependencies:
      '@supabase/auth-js': 2.71.1
      '@supabase/functions-js': 2.4.6
      '@supabase/node-fetch': 2.6.15
      '@supabase/postgrest-js': 1.21.4
      '@supabase/realtime-js': 2.15.5
      '@supabase/storage-js': 2.12.1
    transitivePeerDependencies:
      - bufferutil
      - utf-8-validate

  '@types/node@26.3.0':
    dependencies:
      undici-types: 8.3.0

  '@types/phoenix@1.6.7': {}

  '@types/ws@8.18.1':
    dependencies:
      '@types/node': 26.3.0

  '@zone-eu/mailsplit@5.4.15':
    dependencies:
      libbase64: 1.3.0
      libmime: 5.4.2
      libqp: 2.1.1

  atomic-sleep@1.0.0: {}

  deepmerge-ts@8.0.2: {}

  dom-serializer@2.0.0:
    dependencies:
      domelementtype: 2.3.0
      domhandler: 5.0.3
      entities: 4.5.0

  domelementtype@2.3.0: {}

  domhandler@5.0.3:
    dependencies:
      domelementtype: 2.3.0

  domutils@3.2.2:
    dependencies:
      dom-serializer: 2.0.0
      domelementtype: 2.3.0
      domhandler: 5.0.3

  encoding-japanese@2.2.0: {}

  entities@4.5.0: {}

  entities@7.0.1: {}

  he@1.2.0: {}

  html-to-text@10.0.1:
    dependencies:
      '@selderee/plugin-htmlparser2': 0.12.0(selderee@0.12.0)
      deepmerge-ts: 8.0.2
      dom-serializer: 2.0.0
      htmlparser2: 10.1.0
      selderee: 0.12.0

  htmlparser2@10.1.0:
    dependencies:
      domelementtype: 2.3.0
      domhandler: 5.0.3
      domutils: 3.2.2
      entities: 7.0.1

  iconv-lite@0.7.3:
    dependencies:
      safer-buffer: 2.1.2

  imapflow@1.7.6:
    dependencies:
      '@zone-eu/mailsplit': 5.4.15
      encoding-japanese: 2.2.0
      iconv-lite: 0.7.3
      libbase64: 1.3.0
      libmime: 5.4.2
      libqp: 2.1.1
      pino: 10.3.1
      socks: 2.8.9

  ip-address@10.5.0: {}

  leac@0.7.0: {}

  libbase64@1.3.0: {}

  libmime@5.4.2:
    dependencies:
      encoding-japanese: 2.2.0
      iconv-lite: 0.7.3
      libbase64: 1.3.0
      libqp: 2.1.1

  libqp@2.1.1: {}

  linkify-it@5.0.2:
    dependencies:
      uc.micro: 2.1.0

  mailparser@3.9.16:
    dependencies:
      '@zone-eu/mailsplit': 5.4.15
      encoding-japanese: 2.2.0
      he: 1.2.0
      html-to-text: 10.0.1
      iconv-lite: 0.7.3
      libmime: 5.4.2
      linkify-it: 5.0.2
      nodemailer: 9.0.5
      punycode.js: 2.3.1
      tlds: 1.261.0

  nodemailer@9.0.5: {}

  on-exit-leak-free@2.1.2: {}

  parseley@0.13.1:
    dependencies:
      leac: 0.7.0
      peberminta: 0.10.0

  peberminta@0.10.0: {}

  pino-abstract-transport@3.0.0:
    dependencies:
      split2: 4.2.0

  pino-std-serializers@7.1.0: {}

  pino@10.3.1:
    dependencies:
      '@pinojs/redact': 0.4.0
      atomic-sleep: 1.0.0
      on-exit-leak-free: 2.1.2
      pino-abstract-transport: 3.0.0
      pino-std-serializers: 7.1.0
      process-warning: 5.1.0
      quick-format-unescaped: 4.0.4
      real-require: 0.2.0
      safe-stable-stringify: 2.5.0
      sonic-boom: 4.2.1
      thread-stream: 4.2.0

  process-warning@5.1.0: {}

  punycode.js@2.3.1: {}

  quick-format-unescaped@4.0.4: {}

  real-require@0.2.0: {}

  real-require@1.0.0: {}

  safe-stable-stringify@2.5.0: {}

  safer-buffer@2.1.2: {}

  selderee@0.12.0:
    dependencies:
      parseley: 0.13.1

  smart-buffer@4.2.0: {}

  socks@2.8.9:
    dependencies:
      ip-address: 10.5.0
      smart-buffer: 4.2.0

  sonic-boom@4.2.1:
    dependencies:
      atomic-sleep: 1.0.0

  split2@4.2.0: {}

  thread-stream@4.2.0:
    dependencies:
      real-require: 1.0.0

  tlds@1.261.0: {}

  tr46@0.0.3: {}

  uc.micro@2.1.0: {}

  undici-types@8.3.0: {}

  webidl-conversions@3.0.1: {}

  whatwg-url@5.0.0:
    dependencies:
      tr46: 0.0.3
      webidl-conversions: 3.0.1

  ws@8.21.3: {}
